
Microsoft Visual Studio Solution File, Format Version 12.00
# Visual Studio Version 17
VisualStudioVersion = 17.14.36301.6 d17.14
MinimumVisualStudioVersion = 10.0.40219.1
Project("{FAE04EC0-301F-11D3-BF4B-00C04F79EFBC}") = "RabbitMQ.Publisher", "RabbitMQ.Publisher\RabbitMQ.Publisher.csproj", "{2A84C603-79F6-4EF8-AA0A-40E62D59F31C}"
EndProject
Project("{FAE04EC0-301F-11D3-BF4B-00C04F79EFBC}") = "RabbitMQ.Consumer", "RabbitMQ.Consumer\RabbitMQ.Consumer.csproj", "{21F49C2D-8310-45A1-8137-004C793EDF2D}"
EndProject
Global
	GlobalSection(SolutionConfigurationPlatforms) = preSolution
		Debug|Any CPU = Debug|Any CPU
		Release|Any CPU = Release|Any CPU
	EndGlobalSection
	GlobalSection(ProjectConfigurationPlatforms) = postSolution
		{2A84C603-79F6-4EF8-AA0A-40E62D59F31C}.Debug|Any CPU.ActiveCfg = Debug|Any CPU
		{2A84C603-79F6-4EF8-AA0A-40E62D59F31C}.Debug|Any CPU.Build.0 = Debug|Any CPU
		{2A84C603-79F6-4EF8-AA0A-40E62D59F31C}.Release|Any CPU.ActiveCfg = Release|Any CPU
		{2A84C603-79F6-4EF8-AA0A-40E62D59F31C}.Release|Any CPU.Build.0 = Release|Any CPU
		{21F49C2D-8310-45A1-8137-004C793EDF2D}.Debug|Any CPU.ActiveCfg = Debug|Any CPU
		{21F49C2D-8310-45A1-8137-004C793EDF2D}.Debug|Any CPU.Build.0 = Debug|Any CPU
		{21F49C2D-8310-45A1-8137-004C793EDF2D}.Release|Any CPU.ActiveCfg = Release|Any CPU
		{21F49C2D-8310-45A1-8137-004C793EDF2D}.Release|Any CPU.Build.0 = Release|Any CPU
	EndGlobalSection
	GlobalSection(SolutionProperties) = preSolution
		HideSolutionNode = FALSE
	EndGlobalSection
	GlobalSection(ExtensibilityGlobals) = postSolution
		SolutionGuid = {34DA33D7-493B-4AA0-BE67-3C17E03F4D27}
	EndGlobalSection
EndGlobal
